{
  "originHash" : "1ec2977417d5e7d37bd2a3d86a18aa4186bf3e6dad4bb944ce7cc6d3b7885b97",
  "pins" : [
    {
      "identity" : "alamofire",
      "kind" : "remoteSourceControl",
      "location" : "https://github.com/Alamofire/Alamofire",
      "state" : {
        "revision" : "f455c2975872ccd2d9c81594c658af65716e9b9a",
        "version" : "5.9.1"
      }
    },
    {
      "identity" : "attributedstring",
      "kind" : "remoteSourceControl",
      "location" : "https://github.com/lixiang1994/AttributedString",
      "state" : {
        "revision" : "f3a2b4d4805bc96df0f11061e5b33fefb3a337c6",
        "version" : "3.4.1"
      }
    },
    {
      "identity" : "darockkit",
      "kind" : "remoteSourceControl",
      "location" : "https://github.com/Darock-Studio/DarockKit",
      "state" : {
        "branch" : "main",
        "revision" : "9a43584cb32e53ae339532a6f49c19c7bc17aa8a"
      }
    },
    {
      "identity" : "screenshotableview",
      "kind" : "remoteSourceControl",
      "location" : "https://github.com/RickeyBoy/ScreenshotableView",
      "state" : {
        "revision" : "4dcc274e518756c9bb6eabc153b2edb51a7bd482",
        "version" : "1.1.0"
      }
    },
    {
      "identity" : "swift-video-generator",
      "kind" : "remoteSourceControl",
      "location" : "https://github.com/dev-labs-bg/swift-video-generator",
      "state" : {
        "revision" : "0735b1ea6a9cd28e0fd952e4b1801367fddd5501",
        "version" : "1.4.1"
      }
    },
    {
      "identity" : "swiftdate",
      "kind" : "remoteSourceControl",
      "location" : "https://github.com/malcommac/SwiftDate",
      "state" : {
        "revision" : "5d943224c3bb173e6ecf27295611615eba90c80e",
        "version" : "7.0.0"
      }
    },
    {
      "identity" : "swiftyjson",
      "kind" : "remoteSourceControl",
      "location" : "https://github.com/SwiftyJSON/SwiftyJSON",
      "state" : {
        "revision" : "2b6054efa051565954e1d2b9da831680026cd768",
        "version" : "4.3.0"
      }
    },
    {
      "identity" : "ziparchive",
      "kind" : "remoteSourceControl",
      "location" : "https://github.com/ZipArchive/ZipArchive",
      "state" : {
        "revision" : "79d4dc9729096c6ad83dd3cee2b9f354d1b4ab7b",
        "version" : "2.5.5"
      }
    }
  ],
  "version" : 3
}
