// !$*UTF8*$!
{
	archiveVersion = 1;
	classes = {
	};
	objectVersion = 56;
	objects = {

/* Begin PBXBuildFile section */
		6B36D1462ACADF8B0012CF1B /* TypeChooseView.swift in Sources */ = {isa = PBXBuildFile; fileRef = 6B36D1452ACADF8B0012CF1B /* TypeChooseView.swift */; };
		6B36D1482ACAEE3A0012CF1B /* FSEditChooserView.swift in Sources */ = {isa = PBXBuildFile; fileRef = 6B36D1472ACAEE3A0012CF1B /* FSEditChooserView.swift */; };
		6B36D14A2ACAF1D40012CF1B /* AppFileManager.swift in Sources */ = {isa = PBXBuildFile; fileRef = 6B36D1492ACAF1D40012CF1B /* AppFileManager.swift */; };
		6B36D14C2ACAFFDB0012CF1B /* FSEditorView.swift in Sources */ = {isa = PBXBuildFile; fileRef = 6B36D14B2ACAFFDB0012CF1B /* FSEditorView.swift */; };
		6BB0220B2AC9B67900460189 /* CodeExt.swift in Sources */ = {isa = PBXBuildFile; fileRef = 6BB0220A2AC9B67900460189 /* CodeExt.swift */; };
		6BB0220E2AC9B93D00460189 /* ZipArchive in Frameworks */ = {isa = PBXBuildFile; productRef = 6BB0220D2AC9B93D00460189 /* ZipArchive */; };
		6BD5A62E2AC988E6004B05F9 /* BAGenApp.swift in Sources */ = {isa = PBXBuildFile; fileRef = 6BD5A62D2AC988E6004B05F9 /* BAGenApp.swift */; };
		6BD5A6302AC988E6004B05F9 /* ContentView.swift in Sources */ = {isa = PBXBuildFile; fileRef = 6BD5A62F2AC988E6004B05F9 /* ContentView.swift */; };
		6BD5A6322AC988E7004B05F9 /* Assets.xcassets in Resources */ = {isa = PBXBuildFile; fileRef = 6BD5A6312AC988E7004B05F9 /* Assets.xcassets */; };
		6BD5A6352AC988E7004B05F9 /* Preview Assets.xcassets in Resources */ = {isa = PBXBuildFile; fileRef = 6BD5A6342AC988E7004B05F9 /* Preview Assets.xcassets */; };
		6BD5A63D2AC98912004B05F9 /* DarockKit in Frameworks */ = {isa = PBXBuildFile; productRef = 6BD5A63C2AC98912004B05F9 /* DarockKit */; };
		8CCFEBE52ACD16B4003ADFEA /* Theme_01.wav in Resources */ = {isa = PBXBuildFile; fileRef = 8CCFEBE42ACD16B4003ADFEA /* Theme_01.wav */; };
		8CCFEBE72ACD16BE003ADFEA /* title.mp4 in Resources */ = {isa = PBXBuildFile; fileRef = 8CCFEBE62ACD16BE003ADFEA /* title.mp4 */; };
		8CCFEBF52ACD1931003ADFEA /* NotoSansSC-Regular.otf in Resources */ = {isa = PBXBuildFile; fileRef = 8CCFEBE92ACD1931003ADFEA /* NotoSansSC-Regular.otf */; };
		8CCFEBF62ACD1931003ADFEA /* NotoSansTC-Regular.otf in Resources */ = {isa = PBXBuildFile; fileRef = 8CCFEBEA2ACD1931003ADFEA /* NotoSansTC-Regular.otf */; };
		8CCFEBF72ACD1931003ADFEA /* MainFont.ttf in Resources */ = {isa = PBXBuildFile; fileRef = 8CCFEBEB2ACD1931003ADFEA /* MainFont.ttf */; };
		8CCFEBF82ACD1931003ADFEA /* NotoSansSC-Medium#6511.otf in Resources */ = {isa = PBXBuildFile; fileRef = 8CCFEBEC2ACD1931003ADFEA /* NotoSansSC-Medium#6511.otf */; };
		8CCFEBF92ACD1931003ADFEA /* NotoSansTC-Bold.otf in Resources */ = {isa = PBXBuildFile; fileRef = 8CCFEBED2ACD1931003ADFEA /* NotoSansTC-Bold.otf */; };
		8CCFEBFA2ACD1931003ADFEA /* MainFont_Bold.ttf in Resources */ = {isa = PBXBuildFile; fileRef = 8CCFEBEE2ACD1931003ADFEA /* MainFont_Bold.ttf */; };
		8CCFEBFB2ACD1931003ADFEA /* NotoSansSC-Medium.otf in Resources */ = {isa = PBXBuildFile; fileRef = 8CCFEBEF2ACD1931003ADFEA /* NotoSansSC-Medium.otf */; };
		8CCFEBFC2ACD1931003ADFEA /* NotoSansSC-Bold#6514.otf in Resources */ = {isa = PBXBuildFile; fileRef = 8CCFEBF02ACD1931003ADFEA /* NotoSansSC-Bold#6514.otf */; };
		8CCFEBFD2ACD1931003ADFEA /* PerfectDOSVGA437.ttf in Resources */ = {isa = PBXBuildFile; fileRef = 8CCFEBF12ACD1931003ADFEA /* PerfectDOSVGA437.ttf */; };
		8CCFEBFE2ACD1931003ADFEA /* NotoSansSC-Bold.otf in Resources */ = {isa = PBXBuildFile; fileRef = 8CCFEBF22ACD1931003ADFEA /* NotoSansSC-Bold.otf */; };
		8CCFEBFF2ACD1931003ADFEA /* NotoSansTC-Medium.otf in Resources */ = {isa = PBXBuildFile; fileRef = 8CCFEBF32ACD1931003ADFEA /* NotoSansTC-Medium.otf */; };
		8CCFEC002ACD1931003ADFEA /* NotoSansSC-Regular#6513.otf in Resources */ = {isa = PBXBuildFile; fileRef = 8CCFEBF42ACD1931003ADFEA /* NotoSansSC-Regular#6513.otf */; };
		8CCFEC022ACD361A003ADFEA /* PathFileChooserView.swift in Sources */ = {isa = PBXBuildFile; fileRef = 8CCFEC012ACD361A003ADFEA /* PathFileChooserView.swift */; };
/* End PBXBuildFile section */

/* Begin PBXFileReference section */
		6B167ADF2AC9D595006E635F /* Info.plist */ = {isa = PBXFileReference; lastKnownFileType = text.plist; path = Info.plist; sourceTree = "<group>"; };
		6B36D1452ACADF8B0012CF1B /* TypeChooseView.swift */ = {isa = PBXFileReference; lastKnownFileType = sourcecode.swift; path = TypeChooseView.swift; sourceTree = "<group>"; };
		6B36D1472ACAEE3A0012CF1B /* FSEditChooserView.swift */ = {isa = PBXFileReference; lastKnownFileType = sourcecode.swift; path = FSEditChooserView.swift; sourceTree = "<group>"; };
		6B36D1492ACAF1D40012CF1B /* AppFileManager.swift */ = {isa = PBXFileReference; fileEncoding = 4; lastKnownFileType = sourcecode.swift; path = AppFileManager.swift; sourceTree = "<group>"; };
		6B36D14B2ACAFFDB0012CF1B /* FSEditorView.swift */ = {isa = PBXFileReference; lastKnownFileType = sourcecode.swift; path = FSEditorView.swift; sourceTree = "<group>"; };
		6BB0220A2AC9B67900460189 /* CodeExt.swift */ = {isa = PBXFileReference; fileEncoding = 4; lastKnownFileType = sourcecode.swift; path = CodeExt.swift; sourceTree = "<group>"; };
		6BD5A62A2AC988E6004B05F9 /* BAGen.app */ = {isa = PBXFileReference; explicitFileType = wrapper.application; includeInIndex = 0; path = BAGen.app; sourceTree = BUILT_PRODUCTS_DIR; };
		6BD5A62D2AC988E6004B05F9 /* BAGenApp.swift */ = {isa = PBXFileReference; lastKnownFileType = sourcecode.swift; path = BAGenApp.swift; sourceTree = "<group>"; };
		6BD5A62F2AC988E6004B05F9 /* ContentView.swift */ = {isa = PBXFileReference; lastKnownFileType = sourcecode.swift; path = ContentView.swift; sourceTree = "<group>"; };
		6BD5A6312AC988E7004B05F9 /* Assets.xcassets */ = {isa = PBXFileReference; lastKnownFileType = folder.assetcatalog; path = Assets.xcassets; sourceTree = "<group>"; };
		6BD5A6342AC988E7004B05F9 /* Preview Assets.xcassets */ = {isa = PBXFileReference; lastKnownFileType = folder.assetcatalog; path = "Preview Assets.xcassets"; sourceTree = "<group>"; };
		6BD5A63E2AC98932004B05F9 /* BAGen.entitlements */ = {isa = PBXFileReference; lastKnownFileType = text.plist.entitlements; path = BAGen.entitlements; sourceTree = "<group>"; };
		6BD5A63F2AC991C9004B05F9 /* README.md */ = {isa = PBXFileReference; lastKnownFileType = net.daringfireball.markdown; path = README.md; sourceTree = "<group>"; };
		8CCFEBE42ACD16B4003ADFEA /* Theme_01.wav */ = {isa = PBXFileReference; lastKnownFileType = audio.wav; name = Theme_01.wav; path = Res/BuiltIn/AudioClip/Theme_01.wav; sourceTree = SOURCE_ROOT; };
		8CCFEBE62ACD16BE003ADFEA /* title.mp4 */ = {isa = PBXFileReference; lastKnownFileType = file; name = title.mp4; path = Res/BuiltIn/VideoClip/title.mp4; sourceTree = SOURCE_ROOT; };
		8CCFEBE92ACD1931003ADFEA /* NotoSansSC-Regular.otf */ = {isa = PBXFileReference; lastKnownFileType = file; path = "NotoSansSC-Regular.otf"; sourceTree = "<group>"; };
		8CCFEBEA2ACD1931003ADFEA /* NotoSansTC-Regular.otf */ = {isa = PBXFileReference; lastKnownFileType = file; path = "NotoSansTC-Regular.otf"; sourceTree = "<group>"; };
		8CCFEBEB2ACD1931003ADFEA /* MainFont.ttf */ = {isa = PBXFileReference; lastKnownFileType = file; path = MainFont.ttf; sourceTree = "<group>"; };
		8CCFEBEC2ACD1931003ADFEA /* NotoSansSC-Medium#6511.otf */ = {isa = PBXFileReference; lastKnownFileType = file; path = "NotoSansSC-Medium#6511.otf"; sourceTree = "<group>"; };
		8CCFEBED2ACD1931003ADFEA /* NotoSansTC-Bold.otf */ = {isa = PBXFileReference; lastKnownFileType = file; path = "NotoSansTC-Bold.otf"; sourceTree = "<group>"; };
		8CCFEBEE2ACD1931003ADFEA /* MainFont_Bold.ttf */ = {isa = PBXFileReference; lastKnownFileType = file; path = MainFont_Bold.ttf; sourceTree = "<group>"; };
		8CCFEBEF2ACD1931003ADFEA /* NotoSansSC-Medium.otf */ = {isa = PBXFileReference; lastKnownFileType = file; path = "NotoSansSC-Medium.otf"; sourceTree = "<group>"; };
		8CCFEBF02ACD1931003ADFEA /* NotoSansSC-Bold#6514.otf */ = {isa = PBXFileReference; lastKnownFileType = file; path = "NotoSansSC-Bold#6514.otf"; sourceTree = "<group>"; };
		8CCFEBF12ACD1931003ADFEA /* PerfectDOSVGA437.ttf */ = {isa = PBXFileReference; lastKnownFileType = file; path = PerfectDOSVGA437.ttf; sourceTree = "<group>"; };
		8CCFEBF22ACD1931003ADFEA /* NotoSansSC-Bold.otf */ = {isa = PBXFileReference; lastKnownFileType = file; path = "NotoSansSC-Bold.otf"; sourceTree = "<group>"; };
		8CCFEBF32ACD1931003ADFEA /* NotoSansTC-Medium.otf */ = {isa = PBXFileReference; lastKnownFileType = file; path = "NotoSansTC-Medium.otf"; sourceTree = "<group>"; };
		8CCFEBF42ACD1931003ADFEA /* NotoSansSC-Regular#6513.otf */ = {isa = PBXFileReference; lastKnownFileType = file; path = "NotoSansSC-Regular#6513.otf"; sourceTree = "<group>"; };
		8CCFEC012ACD361A003ADFEA /* PathFileChooserView.swift */ = {isa = PBXFileReference; lastKnownFileType = sourcecode.swift; path = PathFileChooserView.swift; sourceTree = "<group>"; };
/* End PBXFileReference section */

/* Begin PBXFrameworksBuildPhase section */
		6BD5A6272AC988E6004B05F9 /* Frameworks */ = {
			isa = PBXFrameworksBuildPhase;
			buildActionMask = 2147483647;
			files = (
				6BD5A63D2AC98912004B05F9 /* DarockKit in Frameworks */,
				6BB0220E2AC9B93D00460189 /* ZipArchive in Frameworks */,
			);
			runOnlyForDeploymentPostprocessing = 0;
		};
/* End PBXFrameworksBuildPhase section */

/* Begin PBXGroup section */
		6BD5A6212AC988E6004B05F9 = {
			isa = PBXGroup;
			children = (
				6BD5A63F2AC991C9004B05F9 /* README.md */,
				8CCFEBE32ACD1698003ADFEA /* BundleFiles */,
				6BD5A62C2AC988E6004B05F9 /* BAGen */,
				6BD5A62B2AC988E6004B05F9 /* Products */,
			);
			sourceTree = "<group>";
		};
		6BD5A62B2AC988E6004B05F9 /* Products */ = {
			isa = PBXGroup;
			children = (
				6BD5A62A2AC988E6004B05F9 /* BAGen.app */,
			);
			name = Products;
			sourceTree = "<group>";
		};
		6BD5A62C2AC988E6004B05F9 /* BAGen */ = {
			isa = PBXGroup;
			children = (
				6B167ADF2AC9D595006E635F /* Info.plist */,
				6BD5A63E2AC98932004B05F9 /* BAGen.entitlements */,
				6B36D1492ACAF1D40012CF1B /* AppFileManager.swift */,
				6BB0220A2AC9B67900460189 /* CodeExt.swift */,
				6BD5A62D2AC988E6004B05F9 /* BAGenApp.swift */,
				6BD5A62F2AC988E6004B05F9 /* ContentView.swift */,
				6B36D1452ACADF8B0012CF1B /* TypeChooseView.swift */,
				6B36D1472ACAEE3A0012CF1B /* FSEditChooserView.swift */,
				6B36D14B2ACAFFDB0012CF1B /* FSEditorView.swift */,
				8CCFEC012ACD361A003ADFEA /* PathFileChooserView.swift */,
				6BD5A6312AC988E7004B05F9 /* Assets.xcassets */,
				6BD5A6332AC988E7004B05F9 /* Preview Content */,
			);
			path = BAGen;
			sourceTree = "<group>";
		};
		6BD5A6332AC988E7004B05F9 /* Preview Content */ = {
			isa = PBXGroup;
			children = (
				6BD5A6342AC988E7004B05F9 /* Preview Assets.xcassets */,
			);
			path = "Preview Content";
			sourceTree = "<group>";
		};
		8CCFEBE32ACD1698003ADFEA /* BundleFiles */ = {
			isa = PBXGroup;
			children = (
				8CCFEBE42ACD16B4003ADFEA /* Theme_01.wav */,
				8CCFEBE62ACD16BE003ADFEA /* title.mp4 */,
				8CCFEBE82ACD1931003ADFEA /* Font */,
			);
			path = BundleFiles;
			sourceTree = "<group>";
		};
		8CCFEBE82ACD1931003ADFEA /* Font */ = {
			isa = PBXGroup;
			children = (
				8CCFEBE92ACD1931003ADFEA /* NotoSansSC-Regular.otf */,
				8CCFEBEA2ACD1931003ADFEA /* NotoSansTC-Regular.otf */,
				8CCFEBEB2ACD1931003ADFEA /* MainFont.ttf */,
				8CCFEBEC2ACD1931003ADFEA /* NotoSansSC-Medium#6511.otf */,
				8CCFEBED2ACD1931003ADFEA /* NotoSansTC-Bold.otf */,
				8CCFEBEE2ACD1931003ADFEA /* MainFont_Bold.ttf */,
				8CCFEBEF2ACD1931003ADFEA /* NotoSansSC-Medium.otf */,
				8CCFEBF02ACD1931003ADFEA /* NotoSansSC-Bold#6514.otf */,
				8CCFEBF12ACD1931003ADFEA /* PerfectDOSVGA437.ttf */,
				8CCFEBF22ACD1931003ADFEA /* NotoSansSC-Bold.otf */,
				8CCFEBF32ACD1931003ADFEA /* NotoSansTC-Medium.otf */,
				8CCFEBF42ACD1931003ADFEA /* NotoSansSC-Regular#6513.otf */,
			);
			name = Font;
			path = Res/BuiltIn/Font;
			sourceTree = SOURCE_ROOT;
		};
/* End PBXGroup section */

/* Begin PBXNativeTarget section */
		6BD5A6292AC988E6004B05F9 /* BAGen */ = {
			isa = PBXNativeTarget;
			buildConfigurationList = 6BD5A6382AC988E7004B05F9 /* Build configuration list for PBXNativeTarget "BAGen" */;
			buildPhases = (
				6BD5A6262AC988E6004B05F9 /* Sources */,
				6BD5A6272AC988E6004B05F9 /* Frameworks */,
				6BD5A6282AC988E6004B05F9 /* Resources */,
			);
			buildRules = (
			);
			dependencies = (
			);
			name = BAGen;
			packageProductDependencies = (
				6BD5A63C2AC98912004B05F9 /* DarockKit */,
				6BB0220D2AC9B93D00460189 /* ZipArchive */,
			);
			productName = BAGen;
			productReference = 6BD5A62A2AC988E6004B05F9 /* BAGen.app */;
			productType = "com.apple.product-type.application";
		};
/* End PBXNativeTarget section */

/* Begin PBXProject section */
		6BD5A6222AC988E6004B05F9 /* Project object */ = {
			isa = PBXProject;
			attributes = {
				BuildIndependentTargetsInParallel = 1;
				LastSwiftUpdateCheck = 1500;
				LastUpgradeCheck = 1500;
				TargetAttributes = {
					6BD5A6292AC988E6004B05F9 = {
						CreatedOnToolsVersion = 15.0;
					};
				};
			};
			buildConfigurationList = 6BD5A6252AC988E6004B05F9 /* Build configuration list for PBXProject "BAGen" */;
			compatibilityVersion = "Xcode 14.0";
			developmentRegion = "zh-Hans";
			hasScannedForEncodings = 0;
			knownRegions = (
				en,
				Base,
				"zh-Hans",
			);
			mainGroup = 6BD5A6212AC988E6004B05F9;
			packageReferences = (
				6BD5A63B2AC98912004B05F9 /* XCRemoteSwiftPackageReference "DarockKit" */,
				6BB0220C2AC9B93D00460189 /* XCRemoteSwiftPackageReference "ZipArchive" */,
			);
			productRefGroup = 6BD5A62B2AC988E6004B05F9 /* Products */;
			projectDirPath = "";
			projectRoot = "";
			targets = (
				6BD5A6292AC988E6004B05F9 /* BAGen */,
			);
		};
/* End PBXProject section */

/* Begin PBXResourcesBuildPhase section */
		6BD5A6282AC988E6004B05F9 /* Resources */ = {
			isa = PBXResourcesBuildPhase;
			buildActionMask = 2147483647;
			files = (
				8CCFEBF62ACD1931003ADFEA /* NotoSansTC-Regular.otf in Resources */,
				8CCFEBFB2ACD1931003ADFEA /* NotoSansSC-Medium.otf in Resources */,
				8CCFEBFA2ACD1931003ADFEA /* MainFont_Bold.ttf in Resources */,
				8CCFEBFF2ACD1931003ADFEA /* NotoSansTC-Medium.otf in Resources */,
				8CCFEBF92ACD1931003ADFEA /* NotoSansTC-Bold.otf in Resources */,
				8CCFEBF52ACD1931003ADFEA /* NotoSansSC-Regular.otf in Resources */,
				8CCFEBFE2ACD1931003ADFEA /* NotoSansSC-Bold.otf in Resources */,
				8CCFEBF82ACD1931003ADFEA /* NotoSansSC-Medium#6511.otf in Resources */,
				8CCFEBF72ACD1931003ADFEA /* MainFont.ttf in Resources */,
				8CCFEBE52ACD16B4003ADFEA /* Theme_01.wav in Resources */,
				8CCFEBFD2ACD1931003ADFEA /* PerfectDOSVGA437.ttf in Resources */,
				6BD5A6352AC988E7004B05F9 /* Preview Assets.xcassets in Resources */,
				8CCFEBE72ACD16BE003ADFEA /* title.mp4 in Resources */,
				6BD5A6322AC988E7004B05F9 /* Assets.xcassets in Resources */,
				8CCFEC002ACD1931003ADFEA /* NotoSansSC-Regular#6513.otf in Resources */,
				8CCFEBFC2ACD1931003ADFEA /* NotoSansSC-Bold#6514.otf in Resources */,
			);
			runOnlyForDeploymentPostprocessing = 0;
		};
/* End PBXResourcesBuildPhase section */

/* Begin PBXSourcesBuildPhase section */
		6BD5A6262AC988E6004B05F9 /* Sources */ = {
			isa = PBXSourcesBuildPhase;
			buildActionMask = 2147483647;
			files = (
				6BD5A6302AC988E6004B05F9 /* ContentView.swift in Sources */,
				6B36D14A2ACAF1D40012CF1B /* AppFileManager.swift in Sources */,
				6B36D1462ACADF8B0012CF1B /* TypeChooseView.swift in Sources */,
				6BB0220B2AC9B67900460189 /* CodeExt.swift in Sources */,
				6BD5A62E2AC988E6004B05F9 /* BAGenApp.swift in Sources */,
				6B36D1482ACAEE3A0012CF1B /* FSEditChooserView.swift in Sources */,
				6B36D14C2ACAFFDB0012CF1B /* FSEditorView.swift in Sources */,
				8CCFEC022ACD361A003ADFEA /* PathFileChooserView.swift in Sources */,
			);
			runOnlyForDeploymentPostprocessing = 0;
		};
/* End PBXSourcesBuildPhase section */

/* Begin XCBuildConfiguration section */
		6BD5A6362AC988E7004B05F9 /* Debug */ = {
			isa = XCBuildConfiguration;
			buildSettings = {
				ALWAYS_SEARCH_USER_PATHS = NO;
				ASSETCATALOG_COMPILER_GENERATE_SWIFT_ASSET_SYMBOL_EXTENSIONS = YES;
				CLANG_ANALYZER_NONNULL = YES;
				CLANG_ANALYZER_NUMBER_OBJECT_CONVERSION = YES_AGGRESSIVE;
				CLANG_CXX_LANGUAGE_STANDARD = "gnu++20";
				CLANG_ENABLE_MODULES = YES;
				CLANG_ENABLE_OBJC_ARC = YES;
				CLANG_ENABLE_OBJC_WEAK = YES;
				CLANG_WARN_BLOCK_CAPTURE_AUTORELEASING = YES;
				CLANG_WARN_BOOL_CONVERSION = YES;
				CLANG_WARN_COMMA = YES;
				CLANG_WARN_CONSTANT_CONVERSION = YES;
				CLANG_WARN_DEPRECATED_OBJC_IMPLEMENTATIONS = YES;
				CLANG_WARN_DIRECT_OBJC_ISA_USAGE = YES_ERROR;
				CLANG_WARN_DOCUMENTATION_COMMENTS = YES;
				CLANG_WARN_EMPTY_BODY = YES;
				CLANG_WARN_ENUM_CONVERSION = YES;
				CLANG_WARN_INFINITE_RECURSION = YES;
				CLANG_WARN_INT_CONVERSION = YES;
				CLANG_WARN_NON_LITERAL_NULL_CONVERSION = YES;
				CLANG_WARN_OBJC_IMPLICIT_RETAIN_SELF = YES;
				CLANG_WARN_OBJC_LITERAL_CONVERSION = YES;
				CLANG_WARN_OBJC_ROOT_CLASS = YES_ERROR;
				CLANG_WARN_QUOTED_INCLUDE_IN_FRAMEWORK_HEADER = YES;
				CLANG_WARN_RANGE_LOOP_ANALYSIS = YES;
				CLANG_WARN_STRICT_PROTOTYPES = YES;
				CLANG_WARN_SUSPICIOUS_MOVE = YES;
				CLANG_WARN_UNGUARDED_AVAILABILITY = YES_AGGRESSIVE;
				CLANG_WARN_UNREACHABLE_CODE = YES;
				CLANG_WARN__DUPLICATE_METHOD_MATCH = YES;
				COPY_PHASE_STRIP = NO;
				DEBUG_INFORMATION_FORMAT = dwarf;
				ENABLE_STRICT_OBJC_MSGSEND = YES;
				ENABLE_TESTABILITY = YES;
				ENABLE_USER_SCRIPT_SANDBOXING = YES;
				GCC_C_LANGUAGE_STANDARD = gnu17;
				GCC_DYNAMIC_NO_PIC = NO;
				GCC_NO_COMMON_BLOCKS = YES;
				GCC_OPTIMIZATION_LEVEL = 0;
				GCC_PREPROCESSOR_DEFINITIONS = (
					"DEBUG=1",
					"$(inherited)",
				);
				GCC_WARN_64_TO_32_BIT_CONVERSION = YES;
				GCC_WARN_ABOUT_RETURN_TYPE = YES_ERROR;
				GCC_WARN_UNDECLARED_SELECTOR = YES;
				GCC_WARN_UNINITIALIZED_AUTOS = YES_AGGRESSIVE;
				GCC_WARN_UNUSED_FUNCTION = YES;
				GCC_WARN_UNUSED_VARIABLE = YES;
				IPHONEOS_DEPLOYMENT_TARGET = 15.0;
				LOCALIZATION_PREFERS_STRING_CATALOGS = YES;
				MTL_ENABLE_DEBUG_INFO = INCLUDE_SOURCE;
				MTL_FAST_MATH = YES;
				ONLY_ACTIVE_ARCH = YES;
				SDKROOT = iphoneos;
				SWIFT_ACTIVE_COMPILATION_CONDITIONS = "DEBUG $(inherited)";
				SWIFT_OPTIMIZATION_LEVEL = "-Onone";
			};
			name = Debug;
		};
		6BD5A6372AC988E7004B05F9 /* Release */ = {
			isa = XCBuildConfiguration;
			buildSettings = {
				ALWAYS_SEARCH_USER_PATHS = NO;
				ASSETCATALOG_COMPILER_GENERATE_SWIFT_ASSET_SYMBOL_EXTENSIONS = YES;
				CLANG_ANALYZER_NONNULL = YES;
				CLANG_ANALYZER_NUMBER_OBJECT_CONVERSION = YES_AGGRESSIVE;
				CLANG_CXX_LANGUAGE_STANDARD = "gnu++20";
				CLANG_ENABLE_MODULES = YES;
				CLANG_ENABLE_OBJC_ARC = YES;
				CLANG_ENABLE_OBJC_WEAK = YES;
				CLANG_WARN_BLOCK_CAPTURE_AUTORELEASING = YES;
				CLANG_WARN_BOOL_CONVERSION = YES;
				CLANG_WARN_COMMA = YES;
				CLANG_WARN_CONSTANT_CONVERSION = YES;
				CLANG_WARN_DEPRECATED_OBJC_IMPLEMENTATIONS = YES;
				CLANG_WARN_DIRECT_OBJC_ISA_USAGE = YES_ERROR;
				CLANG_WARN_DOCUMENTATION_COMMENTS = YES;
				CLANG_WARN_EMPTY_BODY = YES;
				CLANG_WARN_ENUM_CONVERSION = YES;
				CLANG_WARN_INFINITE_RECURSION = YES;
				CLANG_WARN_INT_CONVERSION = YES;
				CLANG_WARN_NON_LITERAL_NULL_CONVERSION = YES;
				CLANG_WARN_OBJC_IMPLICIT_RETAIN_SELF = YES;
				CLANG_WARN_OBJC_LITERAL_CONVERSION = YES;
				CLANG_WARN_OBJC_ROOT_CLASS = YES_ERROR;
				CLANG_WARN_QUOTED_INCLUDE_IN_FRAMEWORK_HEADER = YES;
				CLANG_WARN_RANGE_LOOP_ANALYSIS = YES;
				CLANG_WARN_STRICT_PROTOTYPES = YES;
				CLANG_WARN_SUSPICIOUS_MOVE = YES;
				CLANG_WARN_UNGUARDED_AVAILABILITY = YES_AGGRESSIVE;
				CLANG_WARN_UNREACHABLE_CODE = YES;
				CLANG_WARN__DUPLICATE_METHOD_MATCH = YES;
				COPY_PHASE_STRIP = NO;
				DEBUG_INFORMATION_FORMAT = "dwarf-with-dsym";
				ENABLE_NS_ASSERTIONS = NO;
				ENABLE_STRICT_OBJC_MSGSEND = YES;
				ENABLE_USER_SCRIPT_SANDBOXING = YES;
				GCC_C_LANGUAGE_STANDARD = gnu17;
				GCC_NO_COMMON_BLOCKS = YES;
				GCC_WARN_64_TO_32_BIT_CONVERSION = YES;
				GCC_WARN_ABOUT_RETURN_TYPE = YES_ERROR;
				GCC_WARN_UNDECLARED_SELECTOR = YES;
				GCC_WARN_UNINITIALIZED_AUTOS = YES_AGGRESSIVE;
				GCC_WARN_UNUSED_FUNCTION = YES;
				GCC_WARN_UNUSED_VARIABLE = YES;
				IPHONEOS_DEPLOYMENT_TARGET = 15.0;
				LOCALIZATION_PREFERS_STRING_CATALOGS = YES;
				MTL_ENABLE_DEBUG_INFO = NO;
				MTL_FAST_MATH = YES;
				SDKROOT = iphoneos;
				SWIFT_COMPILATION_MODE = wholemodule;
				VALIDATE_PRODUCT = YES;
			};
			name = Release;
		};
		6BD5A6392AC988E7004B05F9 /* Debug */ = {
			isa = XCBuildConfiguration;
			buildSettings = {
				ASSETCATALOG_COMPILER_APPICON_NAME = AppIcon;
				ASSETCATALOG_COMPILER_GLOBAL_ACCENT_COLOR_NAME = AccentColor;
				CODE_SIGN_ENTITLEMENTS = BAGen/BAGen.entitlements;
				CODE_SIGN_STYLE = Automatic;
				CURRENT_PROJECT_VERSION = 1;
				DEVELOPMENT_ASSET_PATHS = "\"BAGen/Preview Content\"";
				DEVELOPMENT_TEAM = B57D8PP775;
				ENABLE_PREVIEWS = YES;
				GENERATE_INFOPLIST_FILE = YES;
				INFOPLIST_FILE = BAGen/Info.plist;
				INFOPLIST_KEY_CFBundleDisplayName = SwiftArchive;
				INFOPLIST_KEY_LSApplicationCategoryType = "public.app-category.utilities";
				INFOPLIST_KEY_UIApplicationSceneManifest_Generation = YES;
				INFOPLIST_KEY_UIApplicationSupportsIndirectInputEvents = YES;
				INFOPLIST_KEY_UILaunchScreen_Generation = YES;
				INFOPLIST_KEY_UIRequiresFullScreen = YES;
				INFOPLIST_KEY_UIStatusBarHidden = YES;
				INFOPLIST_KEY_UISupportedInterfaceOrientations = "UIInterfaceOrientationLandscapeLeft UIInterfaceOrientationLandscapeRight";
				LD_RUNPATH_SEARCH_PATHS = (
					"$(inherited)",
					"@executable_path/Frameworks",
				);
				MARKETING_VERSION = 1.0.0;
				PRODUCT_BUNDLE_IDENTIFIER = com.Neinnko.BAGen;
				PRODUCT_NAME = "$(TARGET_NAME)";
				SUPPORTED_PLATFORMS = "iphoneos iphonesimulator";
				SUPPORTS_MACCATALYST = YES;
				SUPPORTS_MAC_DESIGNED_FOR_IPHONE_IPAD = NO;
				SWIFT_EMIT_LOC_STRINGS = YES;
				SWIFT_VERSION = 5.0;
				TARGETED_DEVICE_FAMILY = "1,2";
			};
			name = Debug;
		};
		6BD5A63A2AC988E7004B05F9 /* Release */ = {
			isa = XCBuildConfiguration;
			buildSettings = {
				ASSETCATALOG_COMPILER_APPICON_NAME = AppIcon;
				ASSETCATALOG_COMPILER_GLOBAL_ACCENT_COLOR_NAME = AccentColor;
				CODE_SIGN_ENTITLEMENTS = BAGen/BAGen.entitlements;
				CODE_SIGN_STYLE = Automatic;
				CURRENT_PROJECT_VERSION = 1;
				DEVELOPMENT_ASSET_PATHS = "\"BAGen/Preview Content\"";
				DEVELOPMENT_TEAM = B57D8PP775;
				ENABLE_PREVIEWS = YES;
				GENERATE_INFOPLIST_FILE = YES;
				INFOPLIST_FILE = BAGen/Info.plist;
				INFOPLIST_KEY_CFBundleDisplayName = SwiftArchive;
				INFOPLIST_KEY_LSApplicationCategoryType = "public.app-category.utilities";
				INFOPLIST_KEY_UIApplicationSceneManifest_Generation = YES;
				INFOPLIST_KEY_UIApplicationSupportsIndirectInputEvents = YES;
				INFOPLIST_KEY_UILaunchScreen_Generation = YES;
				INFOPLIST_KEY_UIRequiresFullScreen = YES;
				INFOPLIST_KEY_UIStatusBarHidden = YES;
				INFOPLIST_KEY_UISupportedInterfaceOrientations = "UIInterfaceOrientationLandscapeLeft UIInterfaceOrientationLandscapeRight";
				LD_RUNPATH_SEARCH_PATHS = (
					"$(inherited)",
					"@executable_path/Frameworks",
				);
				MARKETING_VERSION = 1.0.0;
				PRODUCT_BUNDLE_IDENTIFIER = com.Neinnko.BAGen;
				PRODUCT_NAME = "$(TARGET_NAME)";
				SUPPORTED_PLATFORMS = "iphoneos iphonesimulator";
				SUPPORTS_MACCATALYST = YES;
				SUPPORTS_MAC_DESIGNED_FOR_IPHONE_IPAD = NO;
				SWIFT_EMIT_LOC_STRINGS = YES;
				SWIFT_VERSION = 5.0;
				TARGETED_DEVICE_FAMILY = "1,2";
			};
			name = Release;
		};
/* End XCBuildConfiguration section */

/* Begin XCConfigurationList section */
		6BD5A6252AC988E6004B05F9 /* Build configuration list for PBXProject "BAGen" */ = {
			isa = XCConfigurationList;
			buildConfigurations = (
				6BD5A6362AC988E7004B05F9 /* Debug */,
				6BD5A6372AC988E7004B05F9 /* Release */,
			);
			defaultConfigurationIsVisible = 0;
			defaultConfigurationName = Release;
		};
		6BD5A6382AC988E7004B05F9 /* Build configuration list for PBXNativeTarget "BAGen" */ = {
			isa = XCConfigurationList;
			buildConfigurations = (
				6BD5A6392AC988E7004B05F9 /* Debug */,
				6BD5A63A2AC988E7004B05F9 /* Release */,
			);
			defaultConfigurationIsVisible = 0;
			defaultConfigurationName = Release;
		};
/* End XCConfigurationList section */

/* Begin XCRemoteSwiftPackageReference section */
		6BB0220C2AC9B93D00460189 /* XCRemoteSwiftPackageReference "ZipArchive" */ = {
			isa = XCRemoteSwiftPackageReference;
			repositoryURL = "https://github.com/ZipArchive/ZipArchive";
			requirement = {
				kind = upToNextMajorVersion;
				minimumVersion = 2.5.4;
			};
		};
		6BD5A63B2AC98912004B05F9 /* XCRemoteSwiftPackageReference "DarockKit" */ = {
			isa = XCRemoteSwiftPackageReference;
			repositoryURL = "https://github.com/Darock-Studio/DarockKit";
			requirement = {
				branch = main;
				kind = branch;
			};
		};
/* End XCRemoteSwiftPackageReference section */

/* Begin XCSwiftPackageProductDependency section */
		6BB0220D2AC9B93D00460189 /* ZipArchive */ = {
			isa = XCSwiftPackageProductDependency;
			package = 6BB0220C2AC9B93D00460189 /* XCRemoteSwiftPackageReference "ZipArchive" */;
			productName = ZipArchive;
		};
		6BD5A63C2AC98912004B05F9 /* DarockKit */ = {
			isa = XCSwiftPackageProductDependency;
			package = 6BD5A63B2AC98912004B05F9 /* XCRemoteSwiftPackageReference "DarockKit" */;
			productName = DarockKit;
		};
/* End XCSwiftPackageProductDependency section */
	};
	rootObject = 6BD5A6222AC988E6004B05F9 /* Project object */;
}
